
Microsoft Visual Studio Solution File, Format Version 12.00
# Visual Studio 2012
Project("{FAE04EC0-301F-11D3-BF4B-00C04F79EFBC}") = "DisplayAlertError", "DisplayAlertError\DisplayAlertError.csproj", "{10B6CA69-3E6F-4010-8749-EB297AC299B3}"
EndProject
Project("{FAE04EC0-301F-11D3-BF4B-00C04F79EFBC}") = "DisplayAlertError.iOS", "iOS\DisplayAlertError.iOS.csproj", "{14FC9AD6-509A-4F55-A99E-19CEA5223380}"
EndProject
Project("{FAE04EC0-301F-11D3-BF4B-00C04F79EFBC}") = "DisplayAlertError.Android", "Android\DisplayAlertError.Android.csproj", "{2AE7D9AB-4F7E-4B62-886E-ABC9A2E3EDCA}"
EndProject
Global
	GlobalSection(SolutionConfigurationPlatforms) = preSolution
		Debug|Any CPU = Debug|Any CPU
		Release|Any CPU = Release|Any CPU
		Debug|iPhoneSimulator = Debug|iPhoneSimulator
		Release|iPhoneSimulator = Release|iPhoneSimulator
		Debug|iPhone = Debug|iPhone
		Release|iPhone = Release|iPhone
		Ad-Hoc|iPhone = Ad-Hoc|iPhone
		AppStore|iPhone = AppStore|iPhone
	EndGlobalSection
	GlobalSection(ProjectConfigurationPlatforms) = postSolution
		{10B6CA69-3E6F-4010-8749-EB297AC299B3}.Ad-Hoc|iPhone.ActiveCfg = Debug|Any CPU
		{10B6CA69-3E6F-4010-8749-EB297AC299B3}.Ad-Hoc|iPhone.Build.0 = Debug|Any CPU
		{10B6CA69-3E6F-4010-8749-EB297AC299B3}.AppStore|iPhone.ActiveCfg = Debug|Any CPU
		{10B6CA69-3E6F-4010-8749-EB297AC299B3}.AppStore|iPhone.Build.0 = Debug|Any CPU
		{10B6CA69-3E6F-4010-8749-EB297AC299B3}.Debug|Any CPU.ActiveCfg = Debug|Any CPU
		{10B6CA69-3E6F-4010-8749-EB297AC299B3}.Debug|Any CPU.Build.0 = Debug|Any CPU
		{10B6CA69-3E6F-4010-8749-EB297AC299B3}.Debug|iPhone.ActiveCfg = Debug|Any CPU
		{10B6CA69-3E6F-4010-8749-EB297AC299B3}.Debug|iPhone.Build.0 = Debug|Any CPU
		{10B6CA69-3E6F-4010-8749-EB297AC299B3}.Debug|iPhoneSimulator.ActiveCfg = Debug|Any CPU
		{10B6CA69-3E6F-4010-8749-EB297AC299B3}.Debug|iPhoneSimulator.Build.0 = Debug|Any CPU
		{10B6CA69-3E6F-4010-8749-EB297AC299B3}.Release|Any CPU.ActiveCfg = Release|Any CPU
		{10B6CA69-3E6F-4010-8749-EB297AC299B3}.Release|Any CPU.Build.0 = Release|Any CPU
		{10B6CA69-3E6F-4010-8749-EB297AC299B3}.Release|iPhone.ActiveCfg = Release|Any CPU
		{10B6CA69-3E6F-4010-8749-EB297AC299B3}.Release|iPhone.Build.0 = Release|Any CPU
		{10B6CA69-3E6F-4010-8749-EB297AC299B3}.Release|iPhoneSimulator.ActiveCfg = Release|Any CPU
		{10B6CA69-3E6F-4010-8749-EB297AC299B3}.Release|iPhoneSimulator.Build.0 = Release|Any CPU
		{14FC9AD6-509A-4F55-A99E-19CEA5223380}.Ad-Hoc|iPhone.ActiveCfg = Ad-Hoc|iPhone
		{14FC9AD6-509A-4F55-A99E-19CEA5223380}.Ad-Hoc|iPhone.Build.0 = Ad-Hoc|iPhone
		{14FC9AD6-509A-4F55-A99E-19CEA5223380}.AppStore|iPhone.ActiveCfg = AppStore|iPhone
		{14FC9AD6-509A-4F55-A99E-19CEA5223380}.AppStore|iPhone.Build.0 = AppStore|iPhone
		{14FC9AD6-509A-4F55-A99E-19CEA5223380}.Debug|Any CPU.ActiveCfg = Debug|iPhoneSimulator
		{14FC9AD6-509A-4F55-A99E-19CEA5223380}.Debug|Any CPU.Build.0 = Debug|iPhoneSimulator
		{14FC9AD6-509A-4F55-A99E-19CEA5223380}.Debug|iPhone.ActiveCfg = Debug|iPhone
		{14FC9AD6-509A-4F55-A99E-19CEA5223380}.Debug|iPhone.Build.0 = Debug|iPhone
		{14FC9AD6-509A-4F55-A99E-19CEA5223380}.Debug|iPhoneSimulator.ActiveCfg = Debug|iPhoneSimulator
		{14FC9AD6-509A-4F55-A99E-19CEA5223380}.Debug|iPhoneSimulator.Build.0 = Debug|iPhoneSimulator
		{14FC9AD6-509A-4F55-A99E-19CEA5223380}.Release|Any CPU.ActiveCfg = Release|iPhoneSimulator
		{14FC9AD6-509A-4F55-A99E-19CEA5223380}.Release|Any CPU.Build.0 = Release|iPhoneSimulator
		{14FC9AD6-509A-4F55-A99E-19CEA5223380}.Release|iPhone.ActiveCfg = Release|iPhone
		{14FC9AD6-509A-4F55-A99E-19CEA5223380}.Release|iPhone.Build.0 = Release|iPhone
		{14FC9AD6-509A-4F55-A99E-19CEA5223380}.Release|iPhoneSimulator.ActiveCfg = Release|iPhoneSimulator
		{14FC9AD6-509A-4F55-A99E-19CEA5223380}.Release|iPhoneSimulator.Build.0 = Release|iPhoneSimulator
		{2AE7D9AB-4F7E-4B62-886E-ABC9A2E3EDCA}.Ad-Hoc|iPhone.ActiveCfg = Debug|Any CPU
		{2AE7D9AB-4F7E-4B62-886E-ABC9A2E3EDCA}.Ad-Hoc|iPhone.Build.0 = Debug|Any CPU
		{2AE7D9AB-4F7E-4B62-886E-ABC9A2E3EDCA}.AppStore|iPhone.ActiveCfg = Debug|Any CPU
		{2AE7D9AB-4F7E-4B62-886E-ABC9A2E3EDCA}.AppStore|iPhone.Build.0 = Debug|Any CPU
		{2AE7D9AB-4F7E-4B62-886E-ABC9A2E3EDCA}.Debug|Any CPU.ActiveCfg = Debug|Any CPU
		{2AE7D9AB-4F7E-4B62-886E-ABC9A2E3EDCA}.Debug|Any CPU.Build.0 = Debug|Any CPU
		{2AE7D9AB-4F7E-4B62-886E-ABC9A2E3EDCA}.Debug|iPhone.ActiveCfg = Debug|Any CPU
		{2AE7D9AB-4F7E-4B62-886E-ABC9A2E3EDCA}.Debug|iPhone.Build.0 = Debug|Any CPU
		{2AE7D9AB-4F7E-4B62-886E-ABC9A2E3EDCA}.Debug|iPhoneSimulator.ActiveCfg = Debug|Any CPU
		{2AE7D9AB-4F7E-4B62-886E-ABC9A2E3EDCA}.Debug|iPhoneSimulator.Build.0 = Debug|Any CPU
		{2AE7D9AB-4F7E-4B62-886E-ABC9A2E3EDCA}.Release|Any CPU.ActiveCfg = Release|Any CPU
		{2AE7D9AB-4F7E-4B62-886E-ABC9A2E3EDCA}.Release|Any CPU.Build.0 = Release|Any CPU
		{2AE7D9AB-4F7E-4B62-886E-ABC9A2E3EDCA}.Release|iPhone.ActiveCfg = Release|Any CPU
		{2AE7D9AB-4F7E-4B62-886E-ABC9A2E3EDCA}.Release|iPhone.Build.0 = Release|Any CPU
		{2AE7D9AB-4F7E-4B62-886E-ABC9A2E3EDCA}.Release|iPhoneSimulator.ActiveCfg = Release|Any CPU
		{2AE7D9AB-4F7E-4B62-886E-ABC9A2E3EDCA}.Release|iPhoneSimulator.Build.0 = Release|Any CPU
	EndGlobalSection
	GlobalSection(MonoDevelopProperties) = preSolution
		StartupItem = iOS\DisplayAlertError.iOS.csproj
	EndGlobalSection
EndGlobal
